
Microsoft Visual Studio Solution File, Format Version 12.00
# Visual Studio 2013
VisualStudioVersion = 12.0.31101.0
MinimumVisualStudioVersion = 10.0.40219.1
Project("{FAE04EC0-301F-11D3-BF4B-00C04F79EFBC}") = "ShoppingCart", "ShoppingCart\ShoppingCart.csproj", "{28BDCE72-66DE-463B-9BCC-C92955E8BF1C}"
EndProject
Project("{FAE04EC0-301F-11D3-BF4B-00C04F79EFBC}") = "ShoppingCartTests", "ShoppingCartTests\ShoppingCartTests.csproj", "{3284648E-49DE-4A30-B396-201B34DFBB50}"
EndProject
Global
	GlobalSection(SolutionConfigurationPlatforms) = preSolution
		Debug|Any CPU = Debug|Any CPU
		Release|Any CPU = Release|Any CPU
	EndGlobalSection
	GlobalSection(ProjectConfigurationPlatforms) = postSolution
		{28BDCE72-66DE-463B-9BCC-C92955E8BF1C}.Debug|Any CPU.ActiveCfg = Debug|Any CPU
		{28BDCE72-66DE-463B-9BCC-C92955E8BF1C}.Debug|Any CPU.Build.0 = Debug|Any CPU
		{28BDCE72-66DE-463B-9BCC-C92955E8BF1C}.Release|Any CPU.ActiveCfg = Release|Any CPU
		{28BDCE72-66DE-463B-9BCC-C92955E8BF1C}.Release|Any CPU.Build.0 = Release|Any CPU
		{3284648E-49DE-4A30-B396-201B34DFBB50}.Debug|Any CPU.ActiveCfg = Debug|Any CPU
		{3284648E-49DE-4A30-B396-201B34DFBB50}.Debug|Any CPU.Build.0 = Debug|Any CPU
		{3284648E-49DE-4A30-B396-201B34DFBB50}.Release|Any CPU.ActiveCfg = Release|Any CPU
		{3284648E-49DE-4A30-B396-201B34DFBB50}.Release|Any CPU.Build.0 = Release|Any CPU
	EndGlobalSection
	GlobalSection(SolutionProperties) = preSolution
		HideSolutionNode = FALSE
	EndGlobalSection
EndGlobal
